
Microsoft Visual Studio Solution File, Format Version 12.00
# Visual Studio Version 16
VisualStudioVersion = 16.0.28803.156
MinimumVisualStudioVersion = 10.0.40219.1
Project("{FAE04EC0-301F-11D3-BF4B-00C04F79EFBC}") = "MPMD-Calibration", "MPMD-Calibration\MPMD-Calibration.csproj", "{602B9323-3D31-44F6-8039-63EB0FFA195D}"
EndProject
Global
	GlobalSection(SolutionConfigurationPlatforms) = preSolution
		Debug|Any CPU = Debug|Any CPU
		Release|Any CPU = Release|Any CPU
	EndGlobalSection
	GlobalSection(ProjectConfigurationPlatforms) = postSolution
		{602B9323-3D31-44F6-8039-63EB0FFA195D}.Debug|Any CPU.ActiveCfg = Debug|Any CPU
		{602B9323-3D31-44F6-8039-63EB0FFA195D}.Debug|Any CPU.Build.0 = Debug|Any CPU
		{602B9323-3D31-44F6-8039-63EB0FFA195D}.Release|Any CPU.ActiveCfg = Release|Any CPU
		{602B9323-3D31-44F6-8039-63EB0FFA195D}.Release|Any CPU.Build.0 = Release|Any CPU
	EndGlobalSection
	GlobalSection(SolutionProperties) = preSolution
		HideSolutionNode = FALSE
	EndGlobalSection
	GlobalSection(ExtensibilityGlobals) = postSolution
		SolutionGuid = {F5ECC0CA-76B7-4BBD-8087-A934146C0C3B}
	EndGlobalSection
EndGlobal
